// !$*UTF8*$!
{
	archiveVersion = 1;
	classes = {
	};
	objectVersion = 46;
	objects = {

/* Begin PBXBuildFile section */
		3893090F1C7BEEBA009B9F58 /* AppDelegate.swift in Sources */ = {isa = PBXBuildFile; fileRef = 3893090E1C7BEEBA009B9F58 /* AppDelegate.swift */; };
		389309111C7BEEBA009B9F58 /* ViewController.swift in Sources */ = {isa = PBXBuildFile; fileRef = 389309101C7BEEBA009B9F58 /* ViewController.swift */; };
		389309141C7BEEBA009B9F58 /* Main.storyboard in Resources */ = {isa = PBXBuildFile; fileRef = 389309121C7BEEBA009B9F58 /* Main.storyboard */; };
		389309161C7BEEBA009B9F58 /* Assets.xcassets in Resources */ = {isa = PBXBuildFile; fileRef = 389309151C7BEEBA009B9F58 /* Assets.xcassets */; };
		389309191C7BEEBA009B9F58 /* LaunchScreen.storyboard in Resources */ = {isa = PBXBuildFile; fileRef = 389309171C7BEEBA009B9F58 /* LaunchScreen.storyboard */; };
/* End PBXBuildFile section */

/* Begin PBXFileReference section */
		3893090B1C7BEEBA009B9F58 /* Stagram.app */ = {isa = PBXFileReference; explicitFileType = wrapper.application; includeInIndex = 0; path = Stagram.app; sourceTree = BUILT_PRODUCTS_DIR; };
		3893090E1C7BEEBA009B9F58 /* AppDelegate.swift */ = {isa = PBXFileReference; lastKnownFileType = sourcecode.swift; path = AppDelegate.swift; sourceTree = "<group>"; };
		389309101C7BEEBA009B9F58 /* ViewController.swift */ = {isa = PBXFileReference; lastKnownFileType = sourcecode.swift; path = ViewController.swift; sourceTree = "<group>"; };
		389309131C7BEEBA009B9F58 /* Base */ = {isa = PBXFileReference; lastKnownFileType = file.storyboard; name = Base; path = Base.lproj/Main.storyboard; sourceTree = "<group>"; };
		389309151C7BEEBA009B9F58 /* Assets.xcassets */ = {isa = PBXFileReference; lastKnownFileType = folder.assetcatalog; path = Assets.xcassets; sourceTree = "<group>"; };
		389309181C7BEEBA009B9F58 /* Base */ = {isa = PBXFileReference; lastKnownFileType = file.storyboard; name = Base; path = Base.lproj/LaunchScreen.storyboard; sourceTree = "<group>"; };
		3893091A1C7BEEBA009B9F58 /* Info.plist */ = {isa = PBXFileReference; lastKnownFileType = text.plist.xml; path = Info.plist; sourceTree = "<group>"; };
/* End PBXFileReference section */

/* Begin PBXFrameworksBuildPhase section */
		389309081C7BEEBA009B9F58 /* Frameworks */ = {
			isa = PBXFrameworksBuildPhase;
			buildActionMask = 2147483647;
			files = (
			);
			runOnlyForDeploymentPostprocessing = 0;
		};
/* End PBXFrameworksBuildPhase section */

/* Begin PBXGroup section */
		389309021C7BEEBA009B9F58 = {
			isa = PBXGroup;
			children = (
				3893090D1C7BEEBA009B9F58 /* Stagram */,
				3893090C1C7BEEBA009B9F58 /* Products */,
			);
			sourceTree = "<group>";
		};
		3893090C1C7BEEBA009B9F58 /* Products */ = {
			isa = PBXGroup;
			children = (
				3893090B1C7BEEBA009B9F58 /* Stagram.app */,
			);
			name = Products;
			sourceTree = "<group>";
		};
		3893090D1C7BEEBA009B9F58 /* Stagram */ = {
			isa = PBXGroup;
			children = (
				3893090E1C7BEEBA009B9F58 /* AppDelegate.swift */,
				389309101C7BEEBA009B9F58 /* ViewController.swift */,
				389309121C7BEEBA009B9F58 /* Main.storyboard */,
				389309151C7BEEBA009B9F58 /* Assets.xcassets */,
				389309171C7BEEBA009B9F58 /* LaunchScreen.storyboard */,
				3893091A1C7BEEBA009B9F58 /* Info.plist */,
			);
			path = Stagram;
			sourceTree = "<group>";
		};
/* End PBXGroup section */

/* Begin PBXNativeTarget section */
		3893090A1C7BEEBA009B9F58 /* Stagram */ = {
			isa = PBXNativeTarget;
			buildConfigurationList = 3893091D1C7BEEBA009B9F58 /* Build configuration list for PBXNativeTarget "Stagram" */;
			buildPhases = (
				389309071C7BEEBA009B9F58 /* Sources */,
				389309081C7BEEBA009B9F58 /* Frameworks */,
				389309091C7BEEBA009B9F58 /* Resources */,
			);
			buildRules = (
			);
			dependencies = (
			);
			name = Stagram;
			productName = Stagram;
			productReference = 3893090B1C7BEEBA009B9F58 /* Stagram.app */;
			productType = "com.apple.product-type.application";
		};
/* End PBXNativeTarget section */

/* Begin PBXProject section */
		389309031C7BEEBA009B9F58 /* Project object */ = {
			isa = PBXProject;
			attributes = {
				LastSwiftUpdateCheck = 0720;
				LastUpgradeCheck = 0720;
				ORGANIZATIONNAME = Juliang;
				TargetAttributes = {
					3893090A1C7BEEBA009B9F58 = {
						CreatedOnToolsVersion = 7.2;
						DevelopmentTeam = 35SG4HEXXU;
					};
				};
			};
			buildConfigurationList = 389309061C7BEEBA009B9F58 /* Build configuration list for PBXProject "Stagram" */;
			compatibilityVersion = "Xcode 3.2";
			developmentRegion = English;
			hasScannedForEncodings = 0;
			knownRegions = (
				en,
				Base,
			);
			mainGroup = 389309021C7BEEBA009B9F58;
			productRefGroup = 3893090C1C7BEEBA009B9F58 /* Products */;
			projectDirPath = "";
			projectRoot = "";
			targets = (
				3893090A1C7BEEBA009B9F58 /* Stagram */,
			);
		};
/* End PBXProject section */

/* Begin PBXResourcesBuildPhase section */
		389309091C7BEEBA009B9F58 /* Resources */ = {
			isa = PBXResourcesBuildPhase;
			buildActionMask = 2147483647;
			files = (
				389309191C7BEEBA009B9F58 /* LaunchScreen.storyboard in Resources */,
				389309161C7BEEBA009B9F58 /* Assets.xcassets in Resources */,
				389309141C7BEEBA009B9F58 /* Main.storyboard in Resources */,
			);
			runOnlyForDeploymentPostprocessing = 0;
		};
/* End PBXResourcesBuildPhase section */

/* Begin PBXSourcesBuildPhase section */
		389309071C7BEEBA009B9F58 /* Sources */ = {
			isa = PBXSourcesBuildPhase;
			buildActionMask = 2147483647;
			files = (
				389309111C7BEEBA009B9F58 /* ViewController.swift in Sources */,
				3893090F1C7BEEBA009B9F58 /* AppDelegate.swift in Sources */,
			);
			runOnlyForDeploymentPostprocessing = 0;
		};
/* End PBXSourcesBuildPhase section */

/* Begin PBXVariantGroup section */
		389309121C7BEEBA009B9F58 /* Main.storyboard */ = {
			isa = PBXVariantGroup;
			children = (
				389309131C7BEEBA009B9F58 /* Base */,
			);
			name = Main.storyboard;
			sourceTree = "<group>";
		};
		389309171C7BEEBA009B9F58 /* LaunchScreen.storyboard */ = {
			isa = PBXVariantGroup;
			children = (
				389309181C7BEEBA009B9F58 /* Base */,
			);
			name = LaunchScreen.storyboard;
			sourceTree = "<group>";
		};
/* End PBXVariantGroup section */

/* Begin XCBuildConfiguration section */
		3893091B1C7BEEBA009B9F58 /* Debug */ = {
			isa = XCBuildConfiguration;
			buildSettings = {
				ALWAYS_SEARCH_USER_PATHS = NO;
				CLANG_CXX_LANGUAGE_STANDARD = "gnu++0x";
				CLANG_CXX_LIBRARY = "libc++";
				CLANG_ENABLE_MODULES = YES;
				CLANG_ENABLE_OBJC_ARC = YES;
				CLANG_WARN_BOOL_CONVERSION = YES;
				CLANG_WARN_CONSTANT_CONVERSION = YES;
				CLANG_WARN_DIRECT_OBJC_ISA_USAGE = YES_ERROR;
				CLANG_WARN_EMPTY_BODY = YES;
				CLANG_WARN_ENUM_CONVERSION = YES;
				CLANG_WARN_INT_CONVERSION = YES;
				CLANG_WARN_OBJC_ROOT_CLASS = YES_ERROR;
				CLANG_WARN_UNREACHABLE_CODE = YES;
				CLANG_WARN__DUPLICATE_METHOD_MATCH = YES;
				"CODE_SIGN_IDENTITY[sdk=iphoneos*]" = "iPhone Developer";
				COPY_PHASE_STRIP = NO;
				DEBUG_INFORMATION_FORMAT = dwarf;
				ENABLE_STRICT_OBJC_MSGSEND = YES;
				ENABLE_TESTABILITY = YES;
				GCC_C_LANGUAGE_STANDARD = gnu99;
				GCC_DYNAMIC_NO_PIC = NO;
				GCC_NO_COMMON_BLOCKS = YES;
				GCC_OPTIMIZATION_LEVEL = 0;
				GCC_PREPROCESSOR_DEFINITIONS = (
					"DEBUG=1",
					"$(inherited)",
				);
				GCC_WARN_64_TO_32_BIT_CONVERSION = YES;
				GCC_WARN_ABOUT_RETURN_TYPE = YES_ERROR;
				GCC_WARN_UNDECLARED_SELECTOR = YES;
				GCC_WARN_UNINITIALIZED_AUTOS = YES_AGGRESSIVE;
				GCC_WARN_UNUSED_FUNCTION = YES;
				GCC_WARN_UNUSED_VARIABLE = YES;
				IPHONEOS_DEPLOYMENT_TARGET = 9.2;
				MTL_ENABLE_DEBUG_INFO = YES;
				ONLY_ACTIVE_ARCH = YES;
				SDKROOT = iphoneos;
				SWIFT_OPTIMIZATION_LEVEL = "-Onone";
			};
			name = Debug;
		};
		3893091C1C7BEEBA009B9F58 /* Release */ = {
			isa = XCBuildConfiguration;
			buildSettings = {
				ALWAYS_SEARCH_USER_PATHS = NO;
				CLANG_CXX_LANGUAGE_STANDARD = "gnu++0x";
				CLANG_CXX_LIBRARY = "libc++";
				CLANG_ENABLE_MODULES = YES;
				CLANG_ENABLE_OBJC_ARC = YES;
				CLANG_WARN_BOOL_CONVERSION = YES;
				CLANG_WARN_CONSTANT_CONVERSION = YES;
				CLANG_WARN_DIRECT_OBJC_ISA_USAGE = YES_ERROR;
				CLANG_WARN_EMPTY_BODY = YES;
				CLANG_WARN_ENUM_CONVERSION = YES;
				CLANG_WARN_INT_CONVERSION = YES;
				CLANG_WARN_OBJC_ROOT_CLASS = YES_ERROR;
				CLANG_WARN_UNREACHABLE_CODE = YES;
				CLANG_WARN__DUPLICATE_METHOD_MATCH = YES;
				"CODE_SIGN_IDENTITY[sdk=iphoneos*]" = "iPhone Developer";
				COPY_PHASE_STRIP = NO;
				DEBUG_INFORMATION_FORMAT = "dwarf-with-dsym";
				ENABLE_NS_ASSERTIONS = NO;
				ENABLE_STRICT_OBJC_MSGSEND = YES;
				GCC_C_LANGUAGE_STANDARD = gnu99;
				GCC_NO_COMMON_BLOCKS = YES;
				GCC_WARN_64_TO_32_BIT_CONVERSION = YES;
				GCC_WARN_ABOUT_RETURN_TYPE = YES_ERROR;
				GCC_WARN_UNDECLARED_SELECTOR = YES;
				GCC_WARN_UNINITIALIZED_AUTOS = YES_AGGRESSIVE;
				GCC_WARN_UNUSED_FUNCTION = YES;
				GCC_WARN_UNUSED_VARIABLE = YES;
				IPHONEOS_DEPLOYMENT_TARGET = 9.2;
				MTL_ENABLE_DEBUG_INFO = NO;
				SDKROOT = iphoneos;
				VALIDATE_PRODUCT = YES;
			};
			name = Release;
		};
		3893091E1C7BEEBA009B9F58 /* Debug */ = {
			isa = XCBuildConfiguration;
			buildSettings = {
				ASSETCATALOG_COMPILER_APPICON_NAME = AppIcon;
				INFOPLIST_FILE = Stagram/Info.plist;
				LD_RUNPATH_SEARCH_PATHS = "$(inherited) @executable_path/Frameworks";
				PRODUCT_BUNDLE_IDENTIFIER = com.Juliang.Stagram;
				PRODUCT_NAME = "$(TARGET_NAME)";
			};
			name = Debug;
		};
		3893091F1C7BEEBA009B9F58 /* Release */ = {
			isa = XCBuildConfiguration;
			buildSettings = {
				ASSETCATALOG_COMPILER_APPICON_NAME = AppIcon;
				INFOPLIST_FILE = Stagram/Info.plist;
				LD_RUNPATH_SEARCH_PATHS = "$(inherited) @executable_path/Frameworks";
				PRODUCT_BUNDLE_IDENTIFIER = com.Juliang.Stagram;
				PRODUCT_NAME = "$(TARGET_NAME)";
			};
			name = Release;
		};
/* End XCBuildConfiguration section */

/* Begin XCConfigurationList section */
		389309061C7BEEBA009B9F58 /* Build configuration list for PBXProject "Stagram" */ = {
			isa = XCConfigurationList;
			buildConfigurations = (
				3893091B1C7BEEBA009B9F58 /* Debug */,
				3893091C1C7BEEBA009B9F58 /* Release */,
			);
			defaultConfigurationIsVisible = 0;
			defaultConfigurationName = Release;
		};
		3893091D1C7BEEBA009B9F58 /* Build configuration list for PBXNativeTarget "Stagram" */ = {
			isa = XCConfigurationList;
			buildConfigurations = (
				3893091E1C7BEEBA009B9F58 /* Debug */,
				3893091F1C7BEEBA009B9F58 /* Release */,
			);
			defaultConfigurationIsVisible = 0;
		};
/* End XCConfigurationList section */
	};
	rootObject = 389309031C7BEEBA009B9F58 /* Project object */;
}
